// !$*UTF8*$!
{
	archiveVersion = 1;
	classes = {
	};
	objectVersion = 46;
	objects = {

/* Begin PBXAggregateTarget section */
		C544C43D89B04946F5F9DB6E /* ALL_BUILD */ = {
			isa = PBXAggregateTarget;
			buildConfigurationList = 4416739D35294183A857FC80 /* Build configuration list for PBXAggregateTarget "ALL_BUILD" */;
			buildPhases = (
				CB00C2B9B63D6F4FF4137019 /* Generate CMakeFiles/ALL_BUILD */,
			);
			dependencies = (
				A9927CD249574542A7DC3DD7 /* PBXTargetDependency */,
				8E6F5BEA74704E08BBC65F55 /* PBXTargetDependency */,
			);
			name = ALL_BUILD;
			productName = ALL_BUILD;
		};
/* End PBXAggregateTarget section */

/* Begin PBXBuildFile section */
		037401992AC64DD6ABC371F5 /* /Applications/Xcode.app/Contents/Developer/Platforms/MacOSX.platform/Developer/SDKs/MacOSX14.5.sdk/System/Library/Frameworks/OpenGL.framework */ = {isa = PBXBuildFile; fileRef = FC7C583E9D7E4673AF7566B9 /* /Applications/Xcode.app/Contents/Developer/Platforms/MacOSX.platform/Developer/SDKs/MacOSX14.5.sdk/System/Library/Frameworks/OpenGL.framework */; };
		1903497CBF7646839430FD51 /* /Users/tekt/creations/ffgltd/FFGLTouchEngine2/src/plugins/shared/TouchEnginePluginBase.h */ = {isa = PBXBuildFile; fileRef = F6269427AF17402EA4135B27 /* /Users/tekt/creations/ffgltd/FFGLTouchEngine2/src/plugins/shared/TouchEnginePluginBase.h */; };
		3D623FABE8A044A0BFEABF5C /* /Users/tekt/creations/ffgltd/FFGLTouchEngine2/src/plugins/FFGLTouchEngineFX/TouchEngineFX.cpp */ = {isa = PBXBuildFile; fileRef = 24C8E04A41854C4D80ED9C1F /* /Users/tekt/creations/ffgltd/FFGLTouchEngine2/src/plugins/FFGLTouchEngineFX/TouchEngineFX.cpp */; };
		5F6F4EB321FC4BA5BA83829C /* /Users/tekt/creations/ffgltd/FFGLTouchEngine2/src/plugins/FFGLTouchEngineFX/TouchEngineFX.h */ = {isa = PBXBuildFile; fileRef = 682BABD327DC44799019893A /* /Users/tekt/creations/ffgltd/FFGLTouchEngine2/src/plugins/FFGLTouchEngineFX/TouchEngineFX.h */; };
		60FC6BD3001B487F9B5068FE /* /Users/tekt/creations/ffgltd/FFGLTouchEngine2/src/plugins/FFGLTouchEngine/TouchEngine.h */ = {isa = PBXBuildFile; fileRef = 58E49793745D4BB3A9EE8AB5 /* /Users/tekt/creations/ffgltd/FFGLTouchEngine2/src/plugins/FFGLTouchEngine/TouchEngine.h */; };
		686BBC00993F4CAFB7FBD318 /* /Users/tekt/creations/ffgltd/FFGLTouchEngine2/src/plugins/shared/TouchEnginePluginBase.h */ = {isa = PBXBuildFile; fileRef = AEBF59E1977E4A118DBAB2A5 /* /Users/tekt/creations/ffgltd/FFGLTouchEngine2/src/plugins/shared/TouchEnginePluginBase.h */; };
		6AD2AE2247B3480E8261F98E /* /Users/tekt/creations/ffgltd/FFGLTouchEngine2/src/plugins/FFGLTouchEngine/CMakeLists.txt */ = {isa = PBXBuildFile; fileRef = BEC8C59FEDC4493486045142 /* /Users/tekt/creations/ffgltd/FFGLTouchEngine2/src/plugins/FFGLTouchEngine/CMakeLists.txt */; };
		8308F82C34BD4CE4B27B834A /* /Users/tekt/creations/ffgltd/FFGLTouchEngine2/src/plugins/FFGLTouchEngineFX/CMakeLists.txt */ = {isa = PBXBuildFile; fileRef = A238D399B776412A8788678F /* /Users/tekt/creations/ffgltd/FFGLTouchEngine2/src/plugins/FFGLTouchEngineFX/CMakeLists.txt */; };
		9C7A6E746380490FA7020D58 /* /Users/tekt/creations/ffgltd/FFGLTouchEngine2/src/lib/FFGL/FFGLSDK.cpp */ = {isa = PBXBuildFile; fileRef = DA3DBBD9F3724F518BB934A2 /* /Users/tekt/creations/ffgltd/FFGLTouchEngine2/src/lib/FFGL/FFGLSDK.cpp */; };
		9D4B1837C7384F4DB74BAF3A /* /Users/tekt/creations/ffgltd/FFGLTouchEngine2/src/lib/FFGL/FFGLSDK.h */ = {isa = PBXBuildFile; fileRef = 9794FD173DA348F7B27229B5 /* /Users/tekt/creations/ffgltd/FFGLTouchEngine2/src/lib/FFGL/FFGLSDK.h */; };
		A388AB78B86B45D292F8DED9 /* /Users/tekt/creations/ffgltd/FFGLTouchEngine2/src/lib/FFGL/FFGLSDK.h */ = {isa = PBXBuildFile; fileRef = 0DD49CFF94A9481EBEB99D4C /* /Users/tekt/creations/ffgltd/FFGLTouchEngine2/src/lib/FFGL/FFGLSDK.h */; };
		AEEA887B9A17405594A8B32D /* /Users/tekt/creations/ffgltd/FFGLTouchEngine2/src/plugins/shared/TouchEnginePluginBase.cpp */ = {isa = PBXBuildFile; fileRef = 45440AA8DD604ABABD205397 /* /Users/tekt/creations/ffgltd/FFGLTouchEngine2/src/plugins/shared/TouchEnginePluginBase.cpp */; };
		C3F1F0D31B6B4EE6B033F077 /* /Users/tekt/creations/ffgltd/FFGLTouchEngine2/src/plugins/FFGLTouchEngine/TouchEngine.cpp */ = {isa = PBXBuildFile; fileRef = 8F85A790F0974ACE85561C64 /* /Users/tekt/creations/ffgltd/FFGLTouchEngine2/src/plugins/FFGLTouchEngine/TouchEngine.cpp */; };
		DA65DF8404FA43D988C5D921 /* /Users/tekt/creations/ffgltd/FFGLTouchEngine2/src/lib/FFGL/FFGLSDK.cpp */ = {isa = PBXBuildFile; fileRef = B15170BD4E05402C8CC20424 /* /Users/tekt/creations/ffgltd/FFGLTouchEngine2/src/lib/FFGL/FFGLSDK.cpp */; };
		DF708322CE3C45BF80E2A293 /* /Users/tekt/creations/ffgltd/FFGLTouchEngine2/src/plugins/shared/TouchEnginePluginBase.cpp */ = {isa = PBXBuildFile; fileRef = AC8966848C1A4C3DAD730973 /* /Users/tekt/creations/ffgltd/FFGLTouchEngine2/src/plugins/shared/TouchEnginePluginBase.cpp */; };
/* End PBXBuildFile section */

/* Begin PBXBuildStyle section */
		4818A6B92A7444168F27BC65 /* MinSizeRel */ = {
			isa = PBXBuildStyle;
			buildSettings = {
				COPY_PHASE_STRIP = NO;
			};
			name = MinSizeRel;
		};
		B65244150FD04F549A6D5A9D /* Release */ = {
			isa = PBXBuildStyle;
			buildSettings = {
				COPY_PHASE_STRIP = NO;
			};
			name = Release;
		};
		E068B8F85EE94A10806227B8 /* Debug */ = {
			isa = PBXBuildStyle;
			buildSettings = {
				COPY_PHASE_STRIP = NO;
			};
			name = Debug;
		};
		F99D5A8F4ED147EA98809F39 /* RelWithDebInfo */ = {
			isa = PBXBuildStyle;
			buildSettings = {
				COPY_PHASE_STRIP = NO;
			};
			name = RelWithDebInfo;
		};
/* End PBXBuildStyle section */

/* Begin PBXContainerItemProxy section */
		235A69A9E97A4BF9888A9B16 /* PBXContainerItemProxy */ = {
			isa = PBXContainerItemProxy;
			containerPortal = FEB7E46EAF57462F9D98428A /* Project object */;
			proxyType = 1;
			remoteGlobalIDString = D5CA3D8BC44F5197079BB145;
			remoteInfo = FFGLTouchEngineFX;
		};
		829DFF360B60463A9E8219CC /* PBXContainerItemProxy */ = {
			isa = PBXContainerItemProxy;
			containerPortal = FEB7E46EAF57462F9D98428A /* Project object */;
			proxyType = 1;
			remoteGlobalIDString = A70142B65D3D09E4D2533741;
			remoteInfo = FFGLTouchEngine;
		};
/* End PBXContainerItemProxy section */

/* Begin PBXFileReference section */
		0DD49CFF94A9481EBEB99D4C /* /Users/tekt/creations/ffgltd/FFGLTouchEngine2/src/lib/FFGL/FFGLSDK.h */ = {isa = PBXFileReference; explicitFileType = sourcecode.c.h; fileEncoding = 4; name = FFGLSDK.h; path = src/lib/FFGL/FFGLSDK.h; sourceTree = SOURCE_ROOT; };
		24C8E04A41854C4D80ED9C1F /* /Users/tekt/creations/ffgltd/FFGLTouchEngine2/src/plugins/FFGLTouchEngineFX/TouchEngineFX.cpp */ = {isa = PBXFileReference; explicitFileType = sourcecode.cpp.cpp; fileEncoding = 4; name = TouchEngineFX.cpp; path = src/plugins/FFGLTouchEngineFX/TouchEngineFX.cpp; sourceTree = SOURCE_ROOT; };
		45440AA8DD604ABABD205397 /* /Users/tekt/creations/ffgltd/FFGLTouchEngine2/src/plugins/shared/TouchEnginePluginBase.cpp */ = {isa = PBXFileReference; explicitFileType = sourcecode.cpp.cpp; fileEncoding = 4; name = TouchEnginePluginBase.cpp; path = src/plugins/shared/TouchEnginePluginBase.cpp; sourceTree = SOURCE_ROOT; };
		58E49793745D4BB3A9EE8AB5 /* /Users/tekt/creations/ffgltd/FFGLTouchEngine2/src/plugins/FFGLTouchEngine/TouchEngine.h */ = {isa = PBXFileReference; explicitFileType = sourcecode.c.h; fileEncoding = 4; name = TouchEngine.h; path = src/plugins/FFGLTouchEngine/TouchEngine.h; sourceTree = SOURCE_ROOT; };
		682BABD327DC44799019893A /* /Users/tekt/creations/ffgltd/FFGLTouchEngine2/src/plugins/FFGLTouchEngineFX/TouchEngineFX.h */ = {isa = PBXFileReference; explicitFileType = sourcecode.c.h; fileEncoding = 4; name = TouchEngineFX.h; path = src/plugins/FFGLTouchEngineFX/TouchEngineFX.h; sourceTree = SOURCE_ROOT; };
		8F85A790F0974ACE85561C64 /* /Users/tekt/creations/ffgltd/FFGLTouchEngine2/src/plugins/FFGLTouchEngine/TouchEngine.cpp */ = {isa = PBXFileReference; explicitFileType = sourcecode.cpp.cpp; fileEncoding = 4; name = TouchEngine.cpp; path = src/plugins/FFGLTouchEngine/TouchEngine.cpp; sourceTree = SOURCE_ROOT; };
		9794FD173DA348F7B27229B5 /* /Users/tekt/creations/ffgltd/FFGLTouchEngine2/src/lib/FFGL/FFGLSDK.h */ = {isa = PBXFileReference; explicitFileType = sourcecode.c.h; fileEncoding = 4; name = FFGLSDK.h; path = src/lib/FFGL/FFGLSDK.h; sourceTree = SOURCE_ROOT; };
		A238D399B776412A8788678F /* /Users/tekt/creations/ffgltd/FFGLTouchEngine2/src/plugins/FFGLTouchEngineFX/CMakeLists.txt */ = {isa = PBXFileReference; explicitFileType = sourcecode.text; fileEncoding = 4; name = CMakeLists.txt; path = src/plugins/FFGLTouchEngineFX/CMakeLists.txt; sourceTree = SOURCE_ROOT; };
		AC8966848C1A4C3DAD730973 /* /Users/tekt/creations/ffgltd/FFGLTouchEngine2/src/plugins/shared/TouchEnginePluginBase.cpp */ = {isa = PBXFileReference; explicitFileType = sourcecode.cpp.cpp; fileEncoding = 4; name = TouchEnginePluginBase.cpp; path = src/plugins/shared/TouchEnginePluginBase.cpp; sourceTree = SOURCE_ROOT; };
		AEBF59E1977E4A118DBAB2A5 /* /Users/tekt/creations/ffgltd/FFGLTouchEngine2/src/plugins/shared/TouchEnginePluginBase.h */ = {isa = PBXFileReference; explicitFileType = sourcecode.c.h; fileEncoding = 4; name = TouchEnginePluginBase.h; path = src/plugins/shared/TouchEnginePluginBase.h; sourceTree = SOURCE_ROOT; };
		B15170BD4E05402C8CC20424 /* /Users/tekt/creations/ffgltd/FFGLTouchEngine2/src/lib/FFGL/FFGLSDK.cpp */ = {isa = PBXFileReference; explicitFileType = sourcecode.cpp.cpp; fileEncoding = 4; name = FFGLSDK.cpp; path = src/lib/FFGL/FFGLSDK.cpp; sourceTree = SOURCE_ROOT; };
		BEC8C59FEDC4493486045142 /* /Users/tekt/creations/ffgltd/FFGLTouchEngine2/src/plugins/FFGLTouchEngine/CMakeLists.txt */ = {isa = PBXFileReference; explicitFileType = sourcecode.text; fileEncoding = 4; name = CMakeLists.txt; path = src/plugins/FFGLTouchEngine/CMakeLists.txt; sourceTree = SOURCE_ROOT; };
		C1EECFC2D45447649E86FA29 /* /Users/tekt/creations/ffgltd/FFGLTouchEngine2/CMakeLists.txt */ = {isa = PBXFileReference; explicitFileType = sourcecode.text; fileEncoding = 4; name = CMakeLists.txt; path = CMakeLists.txt; sourceTree = SOURCE_ROOT; };
		DA3DBBD9F3724F518BB934A2 /* /Users/tekt/creations/ffgltd/FFGLTouchEngine2/src/lib/FFGL/FFGLSDK.cpp */ = {isa = PBXFileReference; explicitFileType = sourcecode.cpp.cpp; fileEncoding = 4; name = FFGLSDK.cpp; path = src/lib/FFGL/FFGLSDK.cpp; sourceTree = SOURCE_ROOT; };
		E13FFEFAD44449CB8C139412 /* FFGLTouchEngine */ = {isa = PBXFileReference; explicitFileType = "compiled.mach-o.dylib"; path = libFFGLTouchEngine.dylib; sourceTree = BUILT_PRODUCTS_DIR; };
		F2764CC0193C4866A9A04DDC /* FFGLTouchEngineFX */ = {isa = PBXFileReference; explicitFileType = "compiled.mach-o.dylib"; path = libFFGLTouchEngineFX.dylib; sourceTree = BUILT_PRODUCTS_DIR; };
		F6269427AF17402EA4135B27 /* /Users/tekt/creations/ffgltd/FFGLTouchEngine2/src/plugins/shared/TouchEnginePluginBase.h */ = {isa = PBXFileReference; explicitFileType = sourcecode.c.h; fileEncoding = 4; name = TouchEnginePluginBase.h; path = src/plugins/shared/TouchEnginePluginBase.h; sourceTree = SOURCE_ROOT; };
		FC7C583E9D7E4673AF7566B9 /* /Applications/Xcode.app/Contents/Developer/Platforms/MacOSX.platform/Developer/SDKs/MacOSX14.5.sdk/System/Library/Frameworks/OpenGL.framework */ = {isa = PBXFileReference; fileEncoding = 4; lastKnownFileType = wrapper.framework; name = OpenGL.framework; path = /Applications/Xcode.app/Contents/Developer/Platforms/MacOSX.platform/Developer/SDKs/MacOSX14.5.sdk/System/Library/Frameworks/OpenGL.framework; sourceTree = "<absolute>"; };
/* End PBXFileReference section */

/* Begin PBXFrameworksBuildPhase section */
		1FE98D1A7F2245528ED139A1 /* Frameworks */ = {
			isa = PBXFrameworksBuildPhase;
			buildActionMask = 2147483647;
			files = (
			);
			runOnlyForDeploymentPostprocessing = 0;
		};
		F107D9BBAA794466B1F71149 /* Frameworks */ = {
			isa = PBXFrameworksBuildPhase;
			buildActionMask = 2147483647;
			files = (
			);
			runOnlyForDeploymentPostprocessing = 0;
		};
/* End PBXFrameworksBuildPhase section */

/* Begin PBXGroup section */
		3965D9175AAC433DB176773A /* Header Files */ = {
			isa = PBXGroup;
			children = (
				9794FD173DA348F7B27229B5 /* /Users/tekt/creations/ffgltd/FFGLTouchEngine2/src/lib/FFGL/FFGLSDK.h */,
				58E49793745D4BB3A9EE8AB5 /* /Users/tekt/creations/ffgltd/FFGLTouchEngine2/src/plugins/FFGLTouchEngine/TouchEngine.h */,
				F6269427AF17402EA4135B27 /* /Users/tekt/creations/ffgltd/FFGLTouchEngine2/src/plugins/shared/TouchEnginePluginBase.h */,
			);
			name = "Header Files";
			sourceTree = "<group>";
		};
		4CECE25F300347C9A8876866 /* FFGLTouchEngine */ = {
			isa = PBXGroup;
			children = (
				3965D9175AAC433DB176773A /* Header Files */,
				9371D7D759364A8FB95586AC /* Source Files */,
				BEC8C59FEDC4493486045142 /* /Users/tekt/creations/ffgltd/FFGLTouchEngine2/src/plugins/FFGLTouchEngine/CMakeLists.txt */,
			);
			name = FFGLTouchEngine;
			sourceTree = "<group>";
		};
		526C4938024D4B30BB2F638E /* Frameworks */ = {
			isa = PBXGroup;
			children = (
				FC7C583E9D7E4673AF7566B9 /* /Applications/Xcode.app/Contents/Developer/Platforms/MacOSX.platform/Developer/SDKs/MacOSX14.5.sdk/System/Library/Frameworks/OpenGL.framework */,
			);
			name = Frameworks;
			sourceTree = "<group>";
		};
		63F9EE1CBF8D4F9597A96733 /* Products */ = {
			isa = PBXGroup;
			children = (
				E13FFEFAD44449CB8C139412 /* FFGLTouchEngine */,
				F2764CC0193C4866A9A04DDC /* FFGLTouchEngineFX */,
			);
			name = Products;
			sourceTree = "<group>";
		};
		812E892ABE2743B8BE9E63F1 = {
			isa = PBXGroup;
			children = (
				B05E34D73FB74D9881D67762 /* ALL_BUILD */,
				4CECE25F300347C9A8876866 /* FFGLTouchEngine */,
				B8DCBAAE1B1A4D339358F268 /* FFGLTouchEngineFX */,
				63F9EE1CBF8D4F9597A96733 /* Products */,
				526C4938024D4B30BB2F638E /* Frameworks */,
				A84672833F224CB4BB36CED3 /* Resources */,
			);
			sourceTree = "<group>";
		};
		86E181BB30894DCB8A6211D4 /* CMake Rules */ = {
			isa = PBXGroup;
			children = (
			);
			name = "CMake Rules";
			sourceTree = "<group>";
		};
		9371D7D759364A8FB95586AC /* Source Files */ = {
			isa = PBXGroup;
			children = (
				B15170BD4E05402C8CC20424 /* /Users/tekt/creations/ffgltd/FFGLTouchEngine2/src/lib/FFGL/FFGLSDK.cpp */,
				8F85A790F0974ACE85561C64 /* /Users/tekt/creations/ffgltd/FFGLTouchEngine2/src/plugins/FFGLTouchEngine/TouchEngine.cpp */,
				AC8966848C1A4C3DAD730973 /* /Users/tekt/creations/ffgltd/FFGLTouchEngine2/src/plugins/shared/TouchEnginePluginBase.cpp */,
			);
			name = "Source Files";
			sourceTree = "<group>";
		};
		A84672833F224CB4BB36CED3 /* Resources */ = {
			isa = PBXGroup;
			children = (
			);
			name = Resources;
			sourceTree = "<group>";
		};
		B05E34D73FB74D9881D67762 /* ALL_BUILD */ = {
			isa = PBXGroup;
			children = (
				86E181BB30894DCB8A6211D4 /* CMake Rules */,
				C1EECFC2D45447649E86FA29 /* /Users/tekt/creations/ffgltd/FFGLTouchEngine2/CMakeLists.txt */,
			);
			name = ALL_BUILD;
			sourceTree = "<group>";
		};
		B89A39402BB94FA588B162AB /* Source Files */ = {
			isa = PBXGroup;
			children = (
				DA3DBBD9F3724F518BB934A2 /* /Users/tekt/creations/ffgltd/FFGLTouchEngine2/src/lib/FFGL/FFGLSDK.cpp */,
				24C8E04A41854C4D80ED9C1F /* /Users/tekt/creations/ffgltd/FFGLTouchEngine2/src/plugins/FFGLTouchEngineFX/TouchEngineFX.cpp */,
				45440AA8DD604ABABD205397 /* /Users/tekt/creations/ffgltd/FFGLTouchEngine2/src/plugins/shared/TouchEnginePluginBase.cpp */,
			);
			name = "Source Files";
			sourceTree = "<group>";
		};
		B8DCBAAE1B1A4D339358F268 /* FFGLTouchEngineFX */ = {
			isa = PBXGroup;
			children = (
				DB79AE7D35304E8D8FFDF138 /* Header Files */,
				B89A39402BB94FA588B162AB /* Source Files */,
				A238D399B776412A8788678F /* /Users/tekt/creations/ffgltd/FFGLTouchEngine2/src/plugins/FFGLTouchEngineFX/CMakeLists.txt */,
			);
			name = FFGLTouchEngineFX;
			sourceTree = "<group>";
		};
		DB79AE7D35304E8D8FFDF138 /* Header Files */ = {
			isa = PBXGroup;
			children = (
				0DD49CFF94A9481EBEB99D4C /* /Users/tekt/creations/ffgltd/FFGLTouchEngine2/src/lib/FFGL/FFGLSDK.h */,
				682BABD327DC44799019893A /* /Users/tekt/creations/ffgltd/FFGLTouchEngine2/src/plugins/FFGLTouchEngineFX/TouchEngineFX.h */,
				AEBF59E1977E4A118DBAB2A5 /* /Users/tekt/creations/ffgltd/FFGLTouchEngine2/src/plugins/shared/TouchEnginePluginBase.h */,
			);
			name = "Header Files";
			sourceTree = "<group>";
		};
/* End PBXGroup section */

/* Begin PBXNativeTarget section */
		A70142B65D3D09E4D2533741 /* FFGLTouchEngine */ = {
			isa = PBXNativeTarget;
			buildConfigurationList = D6568C3084B44739B7E2F822 /* Build configuration list for PBXNativeTarget "FFGLTouchEngine" */;
			buildPhases = (
				0DEADCD703D44CEBB2C5D7AE /* Sources */,
				F107D9BBAA794466B1F71149 /* Frameworks */,
				9400E11943AA82749516C635 /* CMake PostBuild Rules */,
			);
			buildRules = (
			);
			dependencies = (
			);
			name = FFGLTouchEngine;
			productName = FFGLTouchEngine;
			productReference = E13FFEFAD44449CB8C139412 /* FFGLTouchEngine */;
			productType = "com.apple.product-type.library.dynamic";
		};
		D5CA3D8BC44F5197079BB145 /* FFGLTouchEngineFX */ = {
			isa = PBXNativeTarget;
			buildConfigurationList = E2CF5E912F444DFF92515670 /* Build configuration list for PBXNativeTarget "FFGLTouchEngineFX" */;
			buildPhases = (
				84CE463D281141A19E4FC2BA /* Sources */,
				1FE98D1A7F2245528ED139A1 /* Frameworks */,
				FEEE6166692C8D301BFD95BA /* CMake PostBuild Rules */,
			);
			buildRules = (
			);
			dependencies = (
			);
			name = FFGLTouchEngineFX;
			productName = FFGLTouchEngineFX;
			productReference = F2764CC0193C4866A9A04DDC /* FFGLTouchEngineFX */;
			productType = "com.apple.product-type.library.dynamic";
		};
/* End PBXNativeTarget section */

/* Begin PBXProject section */
		FEB7E46EAF57462F9D98428A /* Project object */ = {
			isa = PBXProject;
			attributes = {
				BuildIndependentTargetsInParallel = YES;
				LastUpgradeCheck = 1540;
			};
			buildConfigurationList = 4FE5BE7DBAD14F31B5D010F5 /* Build configuration list for PBXProject "FFGLTouchEngine" */;
			buildSettings = {
			};
			buildStyles = (
				E068B8F85EE94A10806227B8 /* Debug */,
				B65244150FD04F549A6D5A9D /* Release */,
				4818A6B92A7444168F27BC65 /* MinSizeRel */,
				F99D5A8F4ED147EA98809F39 /* RelWithDebInfo */,
			);
			compatibilityVersion = "Xcode 3.2";
			hasScannedForEncodings = 0;
			mainGroup = 812E892ABE2743B8BE9E63F1;
			projectDirPath = .;
			projectRoot = "";
			targets = (
				C544C43D89B04946F5F9DB6E /* ALL_BUILD */,
				A70142B65D3D09E4D2533741 /* FFGLTouchEngine */,
				D5CA3D8BC44F5197079BB145 /* FFGLTouchEngineFX */,
			);
		};
/* End PBXProject section */

/* Begin PBXShellScriptBuildPhase section */
		9400E11943AA82749516C635 /* CMake PostBuild Rules */ = {
			isa = PBXShellScriptBuildPhase;
			alwaysOutOfDate = 1;
			buildActionMask = 2147483647;
			files = (
			);
			name = "CMake PostBuild Rules";
			outputPaths = (
			);
			runOnlyForDeploymentPostprocessing = 0;
			shellPath = /bin/sh;
			shellScript = "set -e
if test \"$CONFIGURATION\" = \"Debug\"; then :
  cd /Users/tekt/creations/ffgltd/FFGLTouchEngine2/src/plugins/FFGLTouchEngine
  /usr/local/bin/cmake -E cmake_symlink_library /Users/tekt/creations/ffgltd/FFGLTouchEngine2/src/plugins/FFGLTouchEngine/Debug/libFFGLTouchEngine.dylib /Users/tekt/creations/ffgltd/FFGLTouchEngine2/src/plugins/FFGLTouchEngine/Debug/libFFGLTouchEngine.dylib /Users/tekt/creations/ffgltd/FFGLTouchEngine2/src/plugins/FFGLTouchEngine/Debug/libFFGLTouchEngine.dylib
fi
if test \"$CONFIGURATION\" = \"Release\"; then :
  cd /Users/tekt/creations/ffgltd/FFGLTouchEngine2/src/plugins/FFGLTouchEngine
  /usr/local/bin/cmake -E cmake_symlink_library /Users/tekt/creations/ffgltd/FFGLTouchEngine2/src/plugins/FFGLTouchEngine/Release/libFFGLTouchEngine.dylib /Users/tekt/creations/ffgltd/FFGLTouchEngine2/src/plugins/FFGLTouchEngine/Release/libFFGLTouchEngine.dylib /Users/tekt/creations/ffgltd/FFGLTouchEngine2/src/plugins/FFGLTouchEngine/Release/libFFGLTouchEngine.dylib
fi
if test \"$CONFIGURATION\" = \"MinSizeRel\"; then :
  cd /Users/tekt/creations/ffgltd/FFGLTouchEngine2/src/plugins/FFGLTouchEngine
  /usr/local/bin/cmake -E cmake_symlink_library /Users/tekt/creations/ffgltd/FFGLTouchEngine2/src/plugins/FFGLTouchEngine/MinSizeRel/libFFGLTouchEngine.dylib /Users/tekt/creations/ffgltd/FFGLTouchEngine2/src/plugins/FFGLTouchEngine/MinSizeRel/libFFGLTouchEngine.dylib /Users/tekt/creations/ffgltd/FFGLTouchEngine2/src/plugins/FFGLTouchEngine/MinSizeRel/libFFGLTouchEngine.dylib
fi
if test \"$CONFIGURATION\" = \"RelWithDebInfo\"; then :
  cd /Users/tekt/creations/ffgltd/FFGLTouchEngine2/src/plugins/FFGLTouchEngine
  /usr/local/bin/cmake -E cmake_symlink_library /Users/tekt/creations/ffgltd/FFGLTouchEngine2/src/plugins/FFGLTouchEngine/RelWithDebInfo/libFFGLTouchEngine.dylib /Users/tekt/creations/ffgltd/FFGLTouchEngine2/src/plugins/FFGLTouchEngine/RelWithDebInfo/libFFGLTouchEngine.dylib /Users/tekt/creations/ffgltd/FFGLTouchEngine2/src/plugins/FFGLTouchEngine/RelWithDebInfo/libFFGLTouchEngine.dylib
fi
";
			showEnvVarsInLog = 0;
		};
		9B50530E35CC49C82C2FACCF = {
			isa = PBXShellScriptBuildPhase;
			buildActionMask = 2147483647;
			files = (
			);
			inputPaths = (
			);
			outputPaths = (
			);
			runOnlyForDeploymentPostprocessing = 0;
			shellPath = /bin/sh;
			shellScript = "# shell script goes here
exit 0";
			showEnvVarsInLog = 0;
		};
		CB00C2B9B63D6F4FF4137019 /* Generate CMakeFiles/ALL_BUILD */ = {
			isa = PBXShellScriptBuildPhase;
			alwaysOutOfDate = 1;
			buildActionMask = 2147483647;
			files = (
			);
			inputPaths = (
			);
			name = "Generate CMakeFiles/ALL_BUILD";
			outputPaths = (
/Users/tekt/creations/ffgltd/FFGLTouchEngine2/CMakeFiles/ALL_BUILD			);
			runOnlyForDeploymentPostprocessing = 0;
			shellPath = /bin/sh;
			shellScript = "set -e
if test \"$CONFIGURATION\" = \"Debug\"; then :
  cd /Users/tekt/creations/ffgltd/FFGLTouchEngine2
  echo Build\\ all\\ projects
fi
if test \"$CONFIGURATION\" = \"Release\"; then :
  cd /Users/tekt/creations/ffgltd/FFGLTouchEngine2
  echo Build\\ all\\ projects
fi
if test \"$CONFIGURATION\" = \"MinSizeRel\"; then :
  cd /Users/tekt/creations/ffgltd/FFGLTouchEngine2
  echo Build\\ all\\ projects
fi
if test \"$CONFIGURATION\" = \"RelWithDebInfo\"; then :
  cd /Users/tekt/creations/ffgltd/FFGLTouchEngine2
  echo Build\\ all\\ projects
fi
";
			showEnvVarsInLog = 0;
		};
		FEEE6166692C8D301BFD95BA /* CMake PostBuild Rules */ = {
			isa = PBXShellScriptBuildPhase;
			alwaysOutOfDate = 1;
			buildActionMask = 2147483647;
			files = (
			);
			name = "CMake PostBuild Rules";
			outputPaths = (
			);
			runOnlyForDeploymentPostprocessing = 0;
			shellPath = /bin/sh;
			shellScript = "set -e
if test \"$CONFIGURATION\" = \"Debug\"; then :
  cd /Users/tekt/creations/ffgltd/FFGLTouchEngine2/src/plugins/FFGLTouchEngineFX
  /usr/local/bin/cmake -E cmake_symlink_library /Users/tekt/creations/ffgltd/FFGLTouchEngine2/src/plugins/FFGLTouchEngineFX/Debug/libFFGLTouchEngineFX.dylib /Users/tekt/creations/ffgltd/FFGLTouchEngine2/src/plugins/FFGLTouchEngineFX/Debug/libFFGLTouchEngineFX.dylib /Users/tekt/creations/ffgltd/FFGLTouchEngine2/src/plugins/FFGLTouchEngineFX/Debug/libFFGLTouchEngineFX.dylib
fi
if test \"$CONFIGURATION\" = \"Release\"; then :
  cd /Users/tekt/creations/ffgltd/FFGLTouchEngine2/src/plugins/FFGLTouchEngineFX
  /usr/local/bin/cmake -E cmake_symlink_library /Users/tekt/creations/ffgltd/FFGLTouchEngine2/src/plugins/FFGLTouchEngineFX/Release/libFFGLTouchEngineFX.dylib /Users/tekt/creations/ffgltd/FFGLTouchEngine2/src/plugins/FFGLTouchEngineFX/Release/libFFGLTouchEngineFX.dylib /Users/tekt/creations/ffgltd/FFGLTouchEngine2/src/plugins/FFGLTouchEngineFX/Release/libFFGLTouchEngineFX.dylib
fi
if test \"$CONFIGURATION\" = \"MinSizeRel\"; then :
  cd /Users/tekt/creations/ffgltd/FFGLTouchEngine2/src/plugins/FFGLTouchEngineFX
  /usr/local/bin/cmake -E cmake_symlink_library /Users/tekt/creations/ffgltd/FFGLTouchEngine2/src/plugins/FFGLTouchEngineFX/MinSizeRel/libFFGLTouchEngineFX.dylib /Users/tekt/creations/ffgltd/FFGLTouchEngine2/src/plugins/FFGLTouchEngineFX/MinSizeRel/libFFGLTouchEngineFX.dylib /Users/tekt/creations/ffgltd/FFGLTouchEngine2/src/plugins/FFGLTouchEngineFX/MinSizeRel/libFFGLTouchEngineFX.dylib
fi
if test \"$CONFIGURATION\" = \"RelWithDebInfo\"; then :
  cd /Users/tekt/creations/ffgltd/FFGLTouchEngine2/src/plugins/FFGLTouchEngineFX
  /usr/local/bin/cmake -E cmake_symlink_library /Users/tekt/creations/ffgltd/FFGLTouchEngine2/src/plugins/FFGLTouchEngineFX/RelWithDebInfo/libFFGLTouchEngineFX.dylib /Users/tekt/creations/ffgltd/FFGLTouchEngine2/src/plugins/FFGLTouchEngineFX/RelWithDebInfo/libFFGLTouchEngineFX.dylib /Users/tekt/creations/ffgltd/FFGLTouchEngine2/src/plugins/FFGLTouchEngineFX/RelWithDebInfo/libFFGLTouchEngineFX.dylib
fi
";
			showEnvVarsInLog = 0;
		};
/* End PBXShellScriptBuildPhase section */

/* Begin PBXSourcesBuildPhase section */
		0DEADCD703D44CEBB2C5D7AE /* Sources */ = {
			isa = PBXSourcesBuildPhase;
			buildActionMask = 2147483647;
			files = (
				DA65DF8404FA43D988C5D921 /* /Users/tekt/creations/ffgltd/FFGLTouchEngine2/src/lib/FFGL/FFGLSDK.cpp */,
				C3F1F0D31B6B4EE6B033F077 /* /Users/tekt/creations/ffgltd/FFGLTouchEngine2/src/plugins/FFGLTouchEngine/TouchEngine.cpp */,
				DF708322CE3C45BF80E2A293 /* /Users/tekt/creations/ffgltd/FFGLTouchEngine2/src/plugins/shared/TouchEnginePluginBase.cpp */,
			);
			runOnlyForDeploymentPostprocessing = 0;
		};
		84CE463D281141A19E4FC2BA /* Sources */ = {
			isa = PBXSourcesBuildPhase;
			buildActionMask = 2147483647;
			files = (
				9C7A6E746380490FA7020D58 /* /Users/tekt/creations/ffgltd/FFGLTouchEngine2/src/lib/FFGL/FFGLSDK.cpp */,
				3D623FABE8A044A0BFEABF5C /* /Users/tekt/creations/ffgltd/FFGLTouchEngine2/src/plugins/FFGLTouchEngineFX/TouchEngineFX.cpp */,
				AEEA887B9A17405594A8B32D /* /Users/tekt/creations/ffgltd/FFGLTouchEngine2/src/plugins/shared/TouchEnginePluginBase.cpp */,
			);
			runOnlyForDeploymentPostprocessing = 0;
		};
/* End PBXSourcesBuildPhase section */

/* Begin PBXTargetDependency section */
		8E6F5BEA74704E08BBC65F55 /* PBXTargetDependency */ = {
			isa = PBXTargetDependency;
			target = D5CA3D8BC44F5197079BB145 /* FFGLTouchEngineFX */;
			targetProxy = 235A69A9E97A4BF9888A9B16 /* PBXContainerItemProxy */;
		};
		A9927CD249574542A7DC3DD7 /* PBXTargetDependency */ = {
			isa = PBXTargetDependency;
			target = A70142B65D3D09E4D2533741 /* FFGLTouchEngine */;
			targetProxy = 829DFF360B60463A9E8219CC /* PBXContainerItemProxy */;
		};
/* End PBXTargetDependency section */

/* Begin XCBuildConfiguration section */
		11E207AE978045159C8ED5A0 /* MinSizeRel */ = {
			isa = XCBuildConfiguration;
			buildSettings = {
				ARCHS = "$(NATIVE_ARCH_ACTUAL)";
				MACOSX_DEPLOYMENT_TARGET = 14.1;
				ONLY_ACTIVE_ARCH = YES;
				SDKROOT = /Applications/Xcode.app/Contents/Developer/Platforms/MacOSX.platform/Developer/SDKs/MacOSX14.5.sdk;
				SWIFT_COMPILATION_MODE = wholemodule;
				SYMROOT = /Users/tekt/creations/ffgltd/FFGLTouchEngine2/build;
			};
			name = MinSizeRel;
		};
		16103983EA134B4ABA01A818 /* RelWithDebInfo */ = {
			isa = XCBuildConfiguration;
			buildSettings = {
				ALWAYS_SEARCH_USER_PATHS = NO;
				COMBINE_HIDPI_IMAGES = YES;
				CONFIGURATION_BUILD_DIR = /Users/tekt/creations/ffgltd/FFGLTouchEngine2/src/plugins/FFGLTouchEngine/RelWithDebInfo;
				DYLIB_COMPATIBILITY_VERSION = "";
				DYLIB_CURRENT_VERSION = "";
				EXECUTABLE_PREFIX = lib;
				EXECUTABLE_SUFFIX = .dylib;
				FRAMEWORK_SEARCH_PATHS = (/Users/tekt/creations/ffgltd/FFGLTouchEngine2/src/plugins/FFGLTouchEngine/../../../lib/TouchEngine,"$(inherited)");
				GCC_GENERATE_DEBUGGING_SYMBOLS = YES;
				GCC_INLINES_ARE_PRIVATE_EXTERN = NO;
				GCC_OPTIMIZATION_LEVEL = 2;
				GCC_PREPROCESSOR_DEFINITIONS = ("'CMAKE_INTDIR=\"$(CONFIGURATION)$(EFFECTIVE_PLATFORM_NAME)\"'",FFGLTouchEngine_EXPORTS,"$(inherited)");
				GCC_SYMBOLS_PRIVATE_EXTERN = NO;
				HEADER_SEARCH_PATHS = ("/Users/tekt/creations/ffgltd/FFGLTouchEngine2/src/plugins/FFGLTouchEngine/../../lib/metal-cpp",/Users/tekt/creations/ffgltd/FFGLTouchEngine2/src/plugins/FFGLTouchEngine/../../../include,/Users/tekt/creations/ffgltd/FFGLTouchEngine2/src/plugins/FFGLTouchEngine/../../lib,/Users/tekt/creations/ffgltd/FFGLTouchEngine2/src/plugins/FFGLTouchEngine/../../plugins/shared,"$(inherited)");
				INSTALL_PATH = "@rpath";
				LIBRARY_STYLE = DYNAMIC;
				OTHER_CPLUSPLUSFLAGS = "       -DNDEBUG '-std=gnu++17' -fPIC ";
				OTHER_LDFLAGS = (" -dynamiclib -Wl,-headerpad_max_install_names","-framework TouchEngine","-framework Foundation","-framework QuartzCore","-framework Metal","-framework OpenGL","$(inherited)");
				OTHER_REZFLAGS = "";
				PRODUCT_NAME = FFGLTouchEngine;
				SECTORDER_FLAGS = "";
				SYSTEM_FRAMEWORK_SEARCH_PATHS = (/Applications/Xcode.app/Contents/Developer/Platforms/MacOSX.platform/Developer/SDKs/MacOSX14.5.sdk/System/Library/Frameworks,"$(inherited)");
				TARGET_TEMP_DIR = "/Users/tekt/creations/ffgltd/FFGLTouchEngine2/build/FFGLTouchEngine.build/$(CONFIGURATION)$(EFFECTIVE_PLATFORM_NAME)";
				USE_HEADERMAP = NO;
				WARNING_CFLAGS = ("$(inherited)");
			};
			name = RelWithDebInfo;
		};
		1DA16683F6E74876B941DCFD /* Release */ = {
			isa = XCBuildConfiguration;
			buildSettings = {
				ALWAYS_SEARCH_USER_PATHS = NO;
				COMBINE_HIDPI_IMAGES = YES;
				CONFIGURATION_BUILD_DIR = /Users/tekt/creations/ffgltd/FFGLTouchEngine2/src/plugins/FFGLTouchEngine/Release;
				DYLIB_COMPATIBILITY_VERSION = "";
				DYLIB_CURRENT_VERSION = "";
				EXECUTABLE_PREFIX = lib;
				EXECUTABLE_SUFFIX = .dylib;
				FRAMEWORK_SEARCH_PATHS = (/Users/tekt/creations/ffgltd/FFGLTouchEngine2/src/plugins/FFGLTouchEngine/../../../lib/TouchEngine,"$(inherited)");
				GCC_GENERATE_DEBUGGING_SYMBOLS = NO;
				GCC_INLINES_ARE_PRIVATE_EXTERN = NO;
				GCC_OPTIMIZATION_LEVEL = 3;
				GCC_PREPROCESSOR_DEFINITIONS = ("'CMAKE_INTDIR=\"$(CONFIGURATION)$(EFFECTIVE_PLATFORM_NAME)\"'",FFGLTouchEngine_EXPORTS,"$(inherited)");
				GCC_SYMBOLS_PRIVATE_EXTERN = NO;
				HEADER_SEARCH_PATHS = ("/Users/tekt/creations/ffgltd/FFGLTouchEngine2/src/plugins/FFGLTouchEngine/../../lib/metal-cpp",/Users/tekt/creations/ffgltd/FFGLTouchEngine2/src/plugins/FFGLTouchEngine/../../../include,/Users/tekt/creations/ffgltd/FFGLTouchEngine2/src/plugins/FFGLTouchEngine/../../lib,/Users/tekt/creations/ffgltd/FFGLTouchEngine2/src/plugins/FFGLTouchEngine/../../plugins/shared,"$(inherited)");
				INSTALL_PATH = "@rpath";
				LIBRARY_STYLE = DYNAMIC;
				OTHER_CPLUSPLUSFLAGS = "    -DNDEBUG '-std=gnu++17' -fPIC ";
				OTHER_LDFLAGS = (" -dynamiclib -Wl,-headerpad_max_install_names","-framework TouchEngine","-framework Foundation","-framework QuartzCore","-framework Metal","-framework OpenGL","$(inherited)");
				OTHER_REZFLAGS = "";
				PRODUCT_NAME = FFGLTouchEngine;
				SECTORDER_FLAGS = "";
				SYSTEM_FRAMEWORK_SEARCH_PATHS = (/Applications/Xcode.app/Contents/Developer/Platforms/MacOSX.platform/Developer/SDKs/MacOSX14.5.sdk/System/Library/Frameworks,"$(inherited)");
				TARGET_TEMP_DIR = "/Users/tekt/creations/ffgltd/FFGLTouchEngine2/build/FFGLTouchEngine.build/$(CONFIGURATION)$(EFFECTIVE_PLATFORM_NAME)";
				USE_HEADERMAP = NO;
				WARNING_CFLAGS = ("$(inherited)");
			};
			name = Release;
		};
		426AF8304D954531B8D86AF7 /* Debug */ = {
			isa = XCBuildConfiguration;
			buildSettings = {
				ALWAYS_SEARCH_USER_PATHS = NO;
				COMBINE_HIDPI_IMAGES = YES;
				GCC_GENERATE_DEBUGGING_SYMBOLS = YES;
				GCC_INLINES_ARE_PRIVATE_EXTERN = NO;
				GCC_OPTIMIZATION_LEVEL = 0;
				GCC_PREPROCESSOR_DEFINITIONS = ("'CMAKE_INTDIR=\"$(CONFIGURATION)$(EFFECTIVE_PLATFORM_NAME)\"'","$(inherited)");
				GCC_SYMBOLS_PRIVATE_EXTERN = NO;
				INSTALL_PATH = "";
				OTHER_LDFLAGS = ("","$(inherited)");
				OTHER_REZFLAGS = "";
				PRODUCT_NAME = ALL_BUILD;
				SECTORDER_FLAGS = "";
				USE_HEADERMAP = NO;
				WARNING_CFLAGS = ("$(inherited)");
			};
			name = Debug;
		};
		47CBB6F085EC411D97A99BF4 /* Release */ = {
			isa = XCBuildConfiguration;
			buildSettings = {
				ARCHS = "$(NATIVE_ARCH_ACTUAL)";
				MACOSX_DEPLOYMENT_TARGET = 14.1;
				ONLY_ACTIVE_ARCH = YES;
				SDKROOT = /Applications/Xcode.app/Contents/Developer/Platforms/MacOSX.platform/Developer/SDKs/MacOSX14.5.sdk;
				SWIFT_COMPILATION_MODE = wholemodule;
				SYMROOT = /Users/tekt/creations/ffgltd/FFGLTouchEngine2/build;
			};
			name = Release;
		};
		8BF5CAC3CE83481AB61EEA71 /* Debug */ = {
			isa = XCBuildConfiguration;
			buildSettings = {
				ARCHS = "$(NATIVE_ARCH_ACTUAL)";
				MACOSX_DEPLOYMENT_TARGET = 14.1;
				ONLY_ACTIVE_ARCH = YES;
				SDKROOT = /Applications/Xcode.app/Contents/Developer/Platforms/MacOSX.platform/Developer/SDKs/MacOSX14.5.sdk;
				SYMROOT = /Users/tekt/creations/ffgltd/FFGLTouchEngine2/build;
			};
			name = Debug;
		};
		96B021FCD3F34BC5879BC9FE /* RelWithDebInfo */ = {
			isa = XCBuildConfiguration;
			buildSettings = {
				ARCHS = "$(NATIVE_ARCH_ACTUAL)";
				MACOSX_DEPLOYMENT_TARGET = 14.1;
				ONLY_ACTIVE_ARCH = YES;
				SDKROOT = /Applications/Xcode.app/Contents/Developer/Platforms/MacOSX.platform/Developer/SDKs/MacOSX14.5.sdk;
				SWIFT_COMPILATION_MODE = wholemodule;
				SYMROOT = /Users/tekt/creations/ffgltd/FFGLTouchEngine2/build;
			};
			name = RelWithDebInfo;
		};
		9793139D77624ADCA460019D /* RelWithDebInfo */ = {
			isa = XCBuildConfiguration;
			buildSettings = {
				ALWAYS_SEARCH_USER_PATHS = NO;
				COMBINE_HIDPI_IMAGES = YES;
				CONFIGURATION_BUILD_DIR = /Users/tekt/creations/ffgltd/FFGLTouchEngine2/src/plugins/FFGLTouchEngineFX/RelWithDebInfo;
				DYLIB_COMPATIBILITY_VERSION = "";
				DYLIB_CURRENT_VERSION = "";
				EXECUTABLE_PREFIX = lib;
				EXECUTABLE_SUFFIX = .dylib;
				FRAMEWORK_SEARCH_PATHS = (/Users/tekt/creations/ffgltd/FFGLTouchEngine2/src/plugins/FFGLTouchEngineFX/../../../lib/TouchEngine,"$(inherited)");
				GCC_GENERATE_DEBUGGING_SYMBOLS = YES;
				GCC_INLINES_ARE_PRIVATE_EXTERN = NO;
				GCC_OPTIMIZATION_LEVEL = 2;
				GCC_PREPROCESSOR_DEFINITIONS = ("'CMAKE_INTDIR=\"$(CONFIGURATION)$(EFFECTIVE_PLATFORM_NAME)\"'",FFGLTouchEngineFX_EXPORTS,"$(inherited)");
				GCC_SYMBOLS_PRIVATE_EXTERN = NO;
				HEADER_SEARCH_PATHS = ("/Users/tekt/creations/ffgltd/FFGLTouchEngine2/src/plugins/FFGLTouchEngineFX/../../lib/metal-cpp",/Users/tekt/creations/ffgltd/FFGLTouchEngine2/src/plugins/FFGLTouchEngineFX/../../../include,/Users/tekt/creations/ffgltd/FFGLTouchEngine2/src/plugins/FFGLTouchEngineFX/../../lib,/Users/tekt/creations/ffgltd/FFGLTouchEngine2/src/plugins/FFGLTouchEngineFX/../../plugins/shared,"$(inherited)");
				INSTALL_PATH = "@rpath";
				LIBRARY_STYLE = DYNAMIC;
				OTHER_CPLUSPLUSFLAGS = "       -DNDEBUG '-std=gnu++17' -fPIC ";
				OTHER_LDFLAGS = (" -dynamiclib -Wl,-headerpad_max_install_names","-framework TouchEngine","-framework Foundation","-framework QuartzCore","-framework Metal","-framework OpenGL","$(inherited)");
				OTHER_REZFLAGS = "";
				PRODUCT_NAME = FFGLTouchEngineFX;
				SECTORDER_FLAGS = "";
				SYSTEM_FRAMEWORK_SEARCH_PATHS = (/Applications/Xcode.app/Contents/Developer/Platforms/MacOSX.platform/Developer/SDKs/MacOSX14.5.sdk/System/Library/Frameworks,"$(inherited)");
				TARGET_TEMP_DIR = "/Users/tekt/creations/ffgltd/FFGLTouchEngine2/build/FFGLTouchEngineFX.build/$(CONFIGURATION)$(EFFECTIVE_PLATFORM_NAME)";
				USE_HEADERMAP = NO;
				WARNING_CFLAGS = ("$(inherited)");
			};
			name = RelWithDebInfo;
		};
		9942342EF26C46E6A9E43B8F /* MinSizeRel */ = {
			isa = XCBuildConfiguration;
			buildSettings = {
				ALWAYS_SEARCH_USER_PATHS = NO;
				COMBINE_HIDPI_IMAGES = YES;
				CONFIGURATION_BUILD_DIR = /Users/tekt/creations/ffgltd/FFGLTouchEngine2/src/plugins/FFGLTouchEngineFX/MinSizeRel;
				DYLIB_COMPATIBILITY_VERSION = "";
				DYLIB_CURRENT_VERSION = "";
				EXECUTABLE_PREFIX = lib;
				EXECUTABLE_SUFFIX = .dylib;
				FRAMEWORK_SEARCH_PATHS = (/Users/tekt/creations/ffgltd/FFGLTouchEngine2/src/plugins/FFGLTouchEngineFX/../../../lib/TouchEngine,"$(inherited)");
				GCC_GENERATE_DEBUGGING_SYMBOLS = NO;
				GCC_INLINES_ARE_PRIVATE_EXTERN = NO;
				GCC_OPTIMIZATION_LEVEL = s;
				GCC_PREPROCESSOR_DEFINITIONS = ("'CMAKE_INTDIR=\"$(CONFIGURATION)$(EFFECTIVE_PLATFORM_NAME)\"'",FFGLTouchEngineFX_EXPORTS,"$(inherited)");
				GCC_SYMBOLS_PRIVATE_EXTERN = NO;
				HEADER_SEARCH_PATHS = ("/Users/tekt/creations/ffgltd/FFGLTouchEngine2/src/plugins/FFGLTouchEngineFX/../../lib/metal-cpp",/Users/tekt/creations/ffgltd/FFGLTouchEngine2/src/plugins/FFGLTouchEngineFX/../../../include,/Users/tekt/creations/ffgltd/FFGLTouchEngine2/src/plugins/FFGLTouchEngineFX/../../lib,/Users/tekt/creations/ffgltd/FFGLTouchEngine2/src/plugins/FFGLTouchEngineFX/../../plugins/shared,"$(inherited)");
				INSTALL_PATH = "@rpath";
				LIBRARY_STYLE = DYNAMIC;
				OTHER_CPLUSPLUSFLAGS = "    -DNDEBUG '-std=gnu++17' -fPIC ";
				OTHER_LDFLAGS = (" -dynamiclib -Wl,-headerpad_max_install_names","-framework TouchEngine","-framework Foundation","-framework QuartzCore","-framework Metal","-framework OpenGL","$(inherited)");
				OTHER_REZFLAGS = "";
				PRODUCT_NAME = FFGLTouchEngineFX;
				SECTORDER_FLAGS = "";
				SYSTEM_FRAMEWORK_SEARCH_PATHS = (/Applications/Xcode.app/Contents/Developer/Platforms/MacOSX.platform/Developer/SDKs/MacOSX14.5.sdk/System/Library/Frameworks,"$(inherited)");
				TARGET_TEMP_DIR = "/Users/tekt/creations/ffgltd/FFGLTouchEngine2/build/FFGLTouchEngineFX.build/$(CONFIGURATION)$(EFFECTIVE_PLATFORM_NAME)";
				USE_HEADERMAP = NO;
				WARNING_CFLAGS = ("$(inherited)");
			};
			name = MinSizeRel;
		};
		9BE57B35192A4E3B9B5EFC77 /* Debug */ = {
			isa = XCBuildConfiguration;
			buildSettings = {
				ALWAYS_SEARCH_USER_PATHS = NO;
				COMBINE_HIDPI_IMAGES = YES;
				CONFIGURATION_BUILD_DIR = /Users/tekt/creations/ffgltd/FFGLTouchEngine2/src/plugins/FFGLTouchEngine/Debug;
				DYLIB_COMPATIBILITY_VERSION = "";
				DYLIB_CURRENT_VERSION = "";
				EXECUTABLE_PREFIX = lib;
				EXECUTABLE_SUFFIX = .dylib;
				FRAMEWORK_SEARCH_PATHS = (/Users/tekt/creations/ffgltd/FFGLTouchEngine2/src/plugins/FFGLTouchEngine/../../../lib/TouchEngine,"$(inherited)");
				GCC_GENERATE_DEBUGGING_SYMBOLS = YES;
				GCC_INLINES_ARE_PRIVATE_EXTERN = NO;
				GCC_OPTIMIZATION_LEVEL = 0;
				GCC_PREPROCESSOR_DEFINITIONS = ("'CMAKE_INTDIR=\"$(CONFIGURATION)$(EFFECTIVE_PLATFORM_NAME)\"'",FFGLTouchEngine_EXPORTS,"$(inherited)");
				GCC_SYMBOLS_PRIVATE_EXTERN = NO;
				HEADER_SEARCH_PATHS = ("/Users/tekt/creations/ffgltd/FFGLTouchEngine2/src/plugins/FFGLTouchEngine/../../lib/metal-cpp",/Users/tekt/creations/ffgltd/FFGLTouchEngine2/src/plugins/FFGLTouchEngine/../../../include,/Users/tekt/creations/ffgltd/FFGLTouchEngine2/src/plugins/FFGLTouchEngine/../../lib,/Users/tekt/creations/ffgltd/FFGLTouchEngine2/src/plugins/FFGLTouchEngine/../../plugins/shared,"$(inherited)");
				INSTALL_PATH = "@rpath";
				LIBRARY_STYLE = DYNAMIC;
				OTHER_CPLUSPLUSFLAGS = "   '-std=gnu++17' -fPIC ";
				OTHER_LDFLAGS = (" -dynamiclib -Wl,-headerpad_max_install_names","-framework TouchEngine","-framework Foundation","-framework QuartzCore","-framework Metal","-framework OpenGL","$(inherited)");
				OTHER_REZFLAGS = "";
				PRODUCT_NAME = FFGLTouchEngine;
				SECTORDER_FLAGS = "";
				SYSTEM_FRAMEWORK_SEARCH_PATHS = (/Applications/Xcode.app/Contents/Developer/Platforms/MacOSX.platform/Developer/SDKs/MacOSX14.5.sdk/System/Library/Frameworks,"$(inherited)");
				TARGET_TEMP_DIR = "/Users/tekt/creations/ffgltd/FFGLTouchEngine2/build/FFGLTouchEngine.build/$(CONFIGURATION)$(EFFECTIVE_PLATFORM_NAME)";
				USE_HEADERMAP = NO;
				WARNING_CFLAGS = ("$(inherited)");
			};
			name = Debug;
		};
		AFB7889B4409472AA8D44837 /* RelWithDebInfo */ = {
			isa = XCBuildConfiguration;
			buildSettings = {
				ALWAYS_SEARCH_USER_PATHS = NO;
				COMBINE_HIDPI_IMAGES = YES;
				GCC_GENERATE_DEBUGGING_SYMBOLS = YES;
				GCC_INLINES_ARE_PRIVATE_EXTERN = NO;
				GCC_OPTIMIZATION_LEVEL = 0;
				GCC_PREPROCESSOR_DEFINITIONS = ("'CMAKE_INTDIR=\"$(CONFIGURATION)$(EFFECTIVE_PLATFORM_NAME)\"'","$(inherited)");
				GCC_SYMBOLS_PRIVATE_EXTERN = NO;
				INSTALL_PATH = "";
				OTHER_LDFLAGS = ("","$(inherited)");
				OTHER_REZFLAGS = "";
				PRODUCT_NAME = ALL_BUILD;
				SECTORDER_FLAGS = "";
				USE_HEADERMAP = NO;
				WARNING_CFLAGS = ("$(inherited)");
			};
			name = RelWithDebInfo;
		};
		BA7E9C14423E41C192CCADFF /* MinSizeRel */ = {
			isa = XCBuildConfiguration;
			buildSettings = {
				ALWAYS_SEARCH_USER_PATHS = NO;
				COMBINE_HIDPI_IMAGES = YES;
				GCC_GENERATE_DEBUGGING_SYMBOLS = YES;
				GCC_INLINES_ARE_PRIVATE_EXTERN = NO;
				GCC_OPTIMIZATION_LEVEL = 0;
				GCC_PREPROCESSOR_DEFINITIONS = ("'CMAKE_INTDIR=\"$(CONFIGURATION)$(EFFECTIVE_PLATFORM_NAME)\"'","$(inherited)");
				GCC_SYMBOLS_PRIVATE_EXTERN = NO;
				INSTALL_PATH = "";
				OTHER_LDFLAGS = ("","$(inherited)");
				OTHER_REZFLAGS = "";
				PRODUCT_NAME = ALL_BUILD;
				SECTORDER_FLAGS = "";
				USE_HEADERMAP = NO;
				WARNING_CFLAGS = ("$(inherited)");
			};
			name = MinSizeRel;
		};
		C00EE9CE2EBF49489398DC72 /* MinSizeRel */ = {
			isa = XCBuildConfiguration;
			buildSettings = {
				ALWAYS_SEARCH_USER_PATHS = NO;
				COMBINE_HIDPI_IMAGES = YES;
				CONFIGURATION_BUILD_DIR = /Users/tekt/creations/ffgltd/FFGLTouchEngine2/src/plugins/FFGLTouchEngine/MinSizeRel;
				DYLIB_COMPATIBILITY_VERSION = "";
				DYLIB_CURRENT_VERSION = "";
				EXECUTABLE_PREFIX = lib;
				EXECUTABLE_SUFFIX = .dylib;
				FRAMEWORK_SEARCH_PATHS = (/Users/tekt/creations/ffgltd/FFGLTouchEngine2/src/plugins/FFGLTouchEngine/../../../lib/TouchEngine,"$(inherited)");
				GCC_GENERATE_DEBUGGING_SYMBOLS = NO;
				GCC_INLINES_ARE_PRIVATE_EXTERN = NO;
				GCC_OPTIMIZATION_LEVEL = s;
				GCC_PREPROCESSOR_DEFINITIONS = ("'CMAKE_INTDIR=\"$(CONFIGURATION)$(EFFECTIVE_PLATFORM_NAME)\"'",FFGLTouchEngine_EXPORTS,"$(inherited)");
				GCC_SYMBOLS_PRIVATE_EXTERN = NO;
				HEADER_SEARCH_PATHS = ("/Users/tekt/creations/ffgltd/FFGLTouchEngine2/src/plugins/FFGLTouchEngine/../../lib/metal-cpp",/Users/tekt/creations/ffgltd/FFGLTouchEngine2/src/plugins/FFGLTouchEngine/../../../include,/Users/tekt/creations/ffgltd/FFGLTouchEngine2/src/plugins/FFGLTouchEngine/../../lib,/Users/tekt/creations/ffgltd/FFGLTouchEngine2/src/plugins/FFGLTouchEngine/../../plugins/shared,"$(inherited)");
				INSTALL_PATH = "@rpath";
				LIBRARY_STYLE = DYNAMIC;
				OTHER_CPLUSPLUSFLAGS = "    -DNDEBUG '-std=gnu++17' -fPIC ";
				OTHER_LDFLAGS = (" -dynamiclib -Wl,-headerpad_max_install_names","-framework TouchEngine","-framework Foundation","-framework QuartzCore","-framework Metal","-framework OpenGL","$(inherited)");
				OTHER_REZFLAGS = "";
				PRODUCT_NAME = FFGLTouchEngine;
				SECTORDER_FLAGS = "";
				SYSTEM_FRAMEWORK_SEARCH_PATHS = (/Applications/Xcode.app/Contents/Developer/Platforms/MacOSX.platform/Developer/SDKs/MacOSX14.5.sdk/System/Library/Frameworks,"$(inherited)");
				TARGET_TEMP_DIR = "/Users/tekt/creations/ffgltd/FFGLTouchEngine2/build/FFGLTouchEngine.build/$(CONFIGURATION)$(EFFECTIVE_PLATFORM_NAME)";
				USE_HEADERMAP = NO;
				WARNING_CFLAGS = ("$(inherited)");
			};
			name = MinSizeRel;
		};
		CA8A76C4AC114959B120FD1F /* Release */ = {
			isa = XCBuildConfiguration;
			buildSettings = {
				ALWAYS_SEARCH_USER_PATHS = NO;
				COMBINE_HIDPI_IMAGES = YES;
				GCC_GENERATE_DEBUGGING_SYMBOLS = YES;
				GCC_INLINES_ARE_PRIVATE_EXTERN = NO;
				GCC_OPTIMIZATION_LEVEL = 0;
				GCC_PREPROCESSOR_DEFINITIONS = ("'CMAKE_INTDIR=\"$(CONFIGURATION)$(EFFECTIVE_PLATFORM_NAME)\"'","$(inherited)");
				GCC_SYMBOLS_PRIVATE_EXTERN = NO;
				INSTALL_PATH = "";
				OTHER_LDFLAGS = ("","$(inherited)");
				OTHER_REZFLAGS = "";
				PRODUCT_NAME = ALL_BUILD;
				SECTORDER_FLAGS = "";
				USE_HEADERMAP = NO;
				WARNING_CFLAGS = ("$(inherited)");
			};
			name = Release;
		};
		EA6B158D40604D2CA52DF7D6 /* Debug */ = {
			isa = XCBuildConfiguration;
			buildSettings = {
				ALWAYS_SEARCH_USER_PATHS = NO;
				COMBINE_HIDPI_IMAGES = YES;
				CONFIGURATION_BUILD_DIR = /Users/tekt/creations/ffgltd/FFGLTouchEngine2/src/plugins/FFGLTouchEngineFX/Debug;
				DYLIB_COMPATIBILITY_VERSION = "";
				DYLIB_CURRENT_VERSION = "";
				EXECUTABLE_PREFIX = lib;
				EXECUTABLE_SUFFIX = .dylib;
				FRAMEWORK_SEARCH_PATHS = (/Users/tekt/creations/ffgltd/FFGLTouchEngine2/src/plugins/FFGLTouchEngineFX/../../../lib/TouchEngine,"$(inherited)");
				GCC_GENERATE_DEBUGGING_SYMBOLS = YES;
				GCC_INLINES_ARE_PRIVATE_EXTERN = NO;
				GCC_OPTIMIZATION_LEVEL = 0;
				GCC_PREPROCESSOR_DEFINITIONS = ("'CMAKE_INTDIR=\"$(CONFIGURATION)$(EFFECTIVE_PLATFORM_NAME)\"'",FFGLTouchEngineFX_EXPORTS,"$(inherited)");
				GCC_SYMBOLS_PRIVATE_EXTERN = NO;
				HEADER_SEARCH_PATHS = ("/Users/tekt/creations/ffgltd/FFGLTouchEngine2/src/plugins/FFGLTouchEngineFX/../../lib/metal-cpp",/Users/tekt/creations/ffgltd/FFGLTouchEngine2/src/plugins/FFGLTouchEngineFX/../../../include,/Users/tekt/creations/ffgltd/FFGLTouchEngine2/src/plugins/FFGLTouchEngineFX/../../lib,/Users/tekt/creations/ffgltd/FFGLTouchEngine2/src/plugins/FFGLTouchEngineFX/../../plugins/shared,"$(inherited)");
				INSTALL_PATH = "@rpath";
				LIBRARY_STYLE = DYNAMIC;
				OTHER_CPLUSPLUSFLAGS = "   '-std=gnu++17' -fPIC ";
				OTHER_LDFLAGS = (" -dynamiclib -Wl,-headerpad_max_install_names","-framework TouchEngine","-framework Foundation","-framework QuartzCore","-framework Metal","-framework OpenGL","$(inherited)");
				OTHER_REZFLAGS = "";
				PRODUCT_NAME = FFGLTouchEngineFX;
				SECTORDER_FLAGS = "";
				SYSTEM_FRAMEWORK_SEARCH_PATHS = (/Applications/Xcode.app/Contents/Developer/Platforms/MacOSX.platform/Developer/SDKs/MacOSX14.5.sdk/System/Library/Frameworks,"$(inherited)");
				TARGET_TEMP_DIR = "/Users/tekt/creations/ffgltd/FFGLTouchEngine2/build/FFGLTouchEngineFX.build/$(CONFIGURATION)$(EFFECTIVE_PLATFORM_NAME)";
				USE_HEADERMAP = NO;
				WARNING_CFLAGS = ("$(inherited)");
			};
			name = Debug;
		};
		F3229955DE704F5F8B32ACAC /* Release */ = {
			isa = XCBuildConfiguration;
			buildSettings = {
				ALWAYS_SEARCH_USER_PATHS = NO;
				COMBINE_HIDPI_IMAGES = YES;
				CONFIGURATION_BUILD_DIR = /Users/tekt/creations/ffgltd/FFGLTouchEngine2/src/plugins/FFGLTouchEngineFX/Release;
				DYLIB_COMPATIBILITY_VERSION = "";
				DYLIB_CURRENT_VERSION = "";
				EXECUTABLE_PREFIX = lib;
				EXECUTABLE_SUFFIX = .dylib;
				FRAMEWORK_SEARCH_PATHS = (/Users/tekt/creations/ffgltd/FFGLTouchEngine2/src/plugins/FFGLTouchEngineFX/../../../lib/TouchEngine,"$(inherited)");
				GCC_GENERATE_DEBUGGING_SYMBOLS = NO;
				GCC_INLINES_ARE_PRIVATE_EXTERN = NO;
				GCC_OPTIMIZATION_LEVEL = 3;
				GCC_PREPROCESSOR_DEFINITIONS = ("'CMAKE_INTDIR=\"$(CONFIGURATION)$(EFFECTIVE_PLATFORM_NAME)\"'",FFGLTouchEngineFX_EXPORTS,"$(inherited)");
				GCC_SYMBOLS_PRIVATE_EXTERN = NO;
				HEADER_SEARCH_PATHS = ("/Users/tekt/creations/ffgltd/FFGLTouchEngine2/src/plugins/FFGLTouchEngineFX/../../lib/metal-cpp",/Users/tekt/creations/ffgltd/FFGLTouchEngine2/src/plugins/FFGLTouchEngineFX/../../../include,/Users/tekt/creations/ffgltd/FFGLTouchEngine2/src/plugins/FFGLTouchEngineFX/../../lib,/Users/tekt/creations/ffgltd/FFGLTouchEngine2/src/plugins/FFGLTouchEngineFX/../../plugins/shared,"$(inherited)");
				INSTALL_PATH = "@rpath";
				LIBRARY_STYLE = DYNAMIC;
				OTHER_CPLUSPLUSFLAGS = "    -DNDEBUG '-std=gnu++17' -fPIC ";
				OTHER_LDFLAGS = (" -dynamiclib -Wl,-headerpad_max_install_names","-framework TouchEngine","-framework Foundation","-framework QuartzCore","-framework Metal","-framework OpenGL","$(inherited)");
				OTHER_REZFLAGS = "";
				PRODUCT_NAME = FFGLTouchEngineFX;
				SECTORDER_FLAGS = "";
				SYSTEM_FRAMEWORK_SEARCH_PATHS = (/Applications/Xcode.app/Contents/Developer/Platforms/MacOSX.platform/Developer/SDKs/MacOSX14.5.sdk/System/Library/Frameworks,"$(inherited)");
				TARGET_TEMP_DIR = "/Users/tekt/creations/ffgltd/FFGLTouchEngine2/build/FFGLTouchEngineFX.build/$(CONFIGURATION)$(EFFECTIVE_PLATFORM_NAME)";
				USE_HEADERMAP = NO;
				WARNING_CFLAGS = ("$(inherited)");
			};
			name = Release;
		};
/* End XCBuildConfiguration section */

/* Begin XCConfigurationList section */
		4416739D35294183A857FC80 /* Build configuration list for PBXAggregateTarget "ALL_BUILD" */ = {
			isa = XCConfigurationList;
			buildConfigurations = (
				426AF8304D954531B8D86AF7 /* Debug */,
				CA8A76C4AC114959B120FD1F /* Release */,
				BA7E9C14423E41C192CCADFF /* MinSizeRel */,
				AFB7889B4409472AA8D44837 /* RelWithDebInfo */,
			);
			defaultConfigurationIsVisible = 0;
			defaultConfigurationName = Debug;
		};
		4FE5BE7DBAD14F31B5D010F5 /* Build configuration list for PBXProject "FFGLTouchEngine" */ = {
			isa = XCConfigurationList;
			buildConfigurations = (
				8BF5CAC3CE83481AB61EEA71 /* Debug */,
				47CBB6F085EC411D97A99BF4 /* Release */,
				11E207AE978045159C8ED5A0 /* MinSizeRel */,
				96B021FCD3F34BC5879BC9FE /* RelWithDebInfo */,
			);
			defaultConfigurationIsVisible = 0;
			defaultConfigurationName = Debug;
		};
		D6568C3084B44739B7E2F822 /* Build configuration list for PBXNativeTarget "FFGLTouchEngine" */ = {
			isa = XCConfigurationList;
			buildConfigurations = (
				9BE57B35192A4E3B9B5EFC77 /* Debug */,
				1DA16683F6E74876B941DCFD /* Release */,
				C00EE9CE2EBF49489398DC72 /* MinSizeRel */,
				16103983EA134B4ABA01A818 /* RelWithDebInfo */,
			);
			defaultConfigurationIsVisible = 0;
			defaultConfigurationName = Debug;
		};
		E2CF5E912F444DFF92515670 /* Build configuration list for PBXNativeTarget "FFGLTouchEngineFX" */ = {
			isa = XCConfigurationList;
			buildConfigurations = (
				EA6B158D40604D2CA52DF7D6 /* Debug */,
				F3229955DE704F5F8B32ACAC /* Release */,
				9942342EF26C46E6A9E43B8F /* MinSizeRel */,
				9793139D77624ADCA460019D /* RelWithDebInfo */,
			);
			defaultConfigurationIsVisible = 0;
			defaultConfigurationName = Debug;
		};
/* End XCConfigurationList section */
	};
	rootObject = FEB7E46EAF57462F9D98428A /* Project object */;
}
